
Microsoft Visual Studio Solution File, Format Version 12.00
# Visual Studio Version 17
VisualStudioVersion = 17.13.35806.99
MinimumVisualStudioVersion = 10.0.40219.1
Project("{FAE04EC0-301F-11D3-BF4B-00C04F79EFBC}") = "ApplicataionManager.App", "ApplicationManager\ApplicataionManager.App.csproj", "{95A4318C-7861-4EDE-851F-311F664476D5}"
EndProject
Project("{FAE04EC0-301F-11D3-BF4B-00C04F79EFBC}") = "ApplicationManager.Core", "ApplicationManager.Core\ApplicationManager.Core.csproj", "{4253735A-E2AB-4D30-B71B-FDBBC10EF315}"
EndProject
Global
	GlobalSection(SolutionConfigurationPlatforms) = preSolution
		Debug|Any CPU = Debug|Any CPU
		Release|Any CPU = Release|Any CPU
	EndGlobalSection
	GlobalSection(ProjectConfigurationPlatforms) = postSolution
		{95A4318C-7861-4EDE-851F-311F664476D5}.Debug|Any CPU.ActiveCfg = Debug|Any CPU
		{95A4318C-7861-4EDE-851F-311F664476D5}.Debug|Any CPU.Build.0 = Debug|Any CPU
		{95A4318C-7861-4EDE-851F-311F664476D5}.Release|Any CPU.ActiveCfg = Release|Any CPU
		{95A4318C-7861-4EDE-851F-311F664476D5}.Release|Any CPU.Build.0 = Release|Any CPU
		{4253735A-E2AB-4D30-B71B-FDBBC10EF315}.Debug|Any CPU.ActiveCfg = Debug|Any CPU
		{4253735A-E2AB-4D30-B71B-FDBBC10EF315}.Debug|Any CPU.Build.0 = Debug|Any CPU
		{4253735A-E2AB-4D30-B71B-FDBBC10EF315}.Release|Any CPU.ActiveCfg = Release|Any CPU
		{4253735A-E2AB-4D30-B71B-FDBBC10EF315}.Release|Any CPU.Build.0 = Release|Any CPU
	EndGlobalSection
	GlobalSection(SolutionProperties) = preSolution
		HideSolutionNode = FALSE
	EndGlobalSection
	GlobalSection(ExtensibilityGlobals) = postSolution
		SolutionGuid = {AD6B99E1-627D-4233-ADA3-853EDC28D8A5}
	EndGlobalSection
EndGlobal
